// !$*UTF8*$!
{
	archiveVersion = 1;
	classes = {
	};
	objectVersion = 46;
	objects = {

/* Begin PBXBuildFile section */
		7886933A27997F4900A03F8A /* matrix in Headers */ = {isa = PBXBuildFile; fileRef = 788692F62795971500A03F8A /* matrix */; };
/* End PBXBuildFile section */

/* Begin PBXCopyFilesBuildPhase section */
		42C858D01F3515700086FE97 /* CopyFiles */ = {
			isa = PBXCopyFilesBuildPhase;
			buildActionMask = 2147483647;
			dstPath = "include/$(PRODUCT_NAME)";
			dstSubfolderSpec = 16;
			files = (
			);
			runOnlyForDeploymentPostprocessing = 0;
		};
/* End PBXCopyFilesBuildPhase section */

/* Begin PBXFileReference section */
		42C858D21F3515700086FE97 /* libpx4-matrix.a */ = {isa = PBXFileReference; explicitFileType = archive.ar; includeInIndex = 0; path = "libpx4-matrix.a"; sourceTree = BUILT_PRODUCTS_DIR; };
		788692C6279595F600A03F8A /* LICENSE */ = {isa = PBXFileReference; fileEncoding = 4; lastKnownFileType = text; path = LICENSE; sourceTree = "<group>"; };
		788692C7279595F600A03F8A /* test */ = {isa = PBXFileReference; lastKnownFileType = folder; path = test; sourceTree = "<group>"; };
		788692C8279595F600A03F8A /* README.md */ = {isa = PBXFileReference; fileEncoding = 4; lastKnownFileType = net.daringfireball.markdown; path = README.md; sourceTree = "<group>"; };
		788692C9279595F600A03F8A /* doc */ = {isa = PBXFileReference; lastKnownFileType = folder; path = doc; sourceTree = "<group>"; };
		788692CB279595F600A03F8A /* CMakeLists.txt */ = {isa = PBXFileReference; fileEncoding = 4; lastKnownFileType = text; path = CMakeLists.txt; sourceTree = "<group>"; };
		788692CC279595F600A03F8A /* scripts */ = {isa = PBXFileReference; lastKnownFileType = folder; path = scripts; sourceTree = "<group>"; };
		788692F62795971500A03F8A /* matrix */ = {isa = PBXFileReference; lastKnownFileType = folder; path = matrix; sourceTree = "<group>"; };
		788692F92795993200A03F8A /* SquareMatrix.hpp */ = {isa = PBXFileReference; lastKnownFileType = sourcecode.cpp.h; name = SquareMatrix.hpp; path = matrix/SquareMatrix.hpp; sourceTree = "<group>"; };
		788692FA2795993200A03F8A /* Dual.hpp */ = {isa = PBXFileReference; lastKnownFileType = sourcecode.cpp.h; name = Dual.hpp; path = matrix/Dual.hpp; sourceTree = "<group>"; };
		788692FB2795993200A03F8A /* integration.hpp */ = {isa = PBXFileReference; lastKnownFileType = sourcecode.cpp.h; name = integration.hpp; path = matrix/integration.hpp; sourceTree = "<group>"; };
		788692FC2795993200A03F8A /* Dcm.hpp */ = {isa = PBXFileReference; lastKnownFileType = sourcecode.cpp.h; name = Dcm.hpp; path = matrix/Dcm.hpp; sourceTree = "<group>"; };
		788692FD2795993200A03F8A /* LeastSquaresSolver.hpp */ = {isa = PBXFileReference; lastKnownFileType = sourcecode.cpp.h; name = LeastSquaresSolver.hpp; path = matrix/LeastSquaresSolver.hpp; sourceTree = "<group>"; };
		788692FE2795993200A03F8A /* PseudoInverse.hpp */ = {isa = PBXFileReference; lastKnownFileType = sourcecode.cpp.h; name = PseudoInverse.hpp; path = matrix/PseudoInverse.hpp; sourceTree = "<group>"; };
		788692FF2795993200A03F8A /* Euler.hpp */ = {isa = PBXFileReference; lastKnownFileType = sourcecode.cpp.h; name = Euler.hpp; path = matrix/Euler.hpp; sourceTree = "<group>"; };
		788693002795993200A03F8A /* Vector2.hpp */ = {isa = PBXFileReference; lastKnownFileType = sourcecode.cpp.h; name = Vector2.hpp; path = matrix/Vector2.hpp; sourceTree = "<group>"; };
		788693012795993200A03F8A /* Scalar.hpp */ = {isa = PBXFileReference; lastKnownFileType = sourcecode.cpp.h; name = Scalar.hpp; path = matrix/Scalar.hpp; sourceTree = "<group>"; };
		788693022795993200A03F8A /* Vector3.hpp */ = {isa = PBXFileReference; lastKnownFileType = sourcecode.cpp.h; name = Vector3.hpp; path = matrix/Vector3.hpp; sourceTree = "<group>"; };
		788693032795993200A03F8A /* Quaternion.hpp */ = {isa = PBXFileReference; lastKnownFileType = sourcecode.cpp.h; name = Quaternion.hpp; path = matrix/Quaternion.hpp; sourceTree = "<group>"; };
		788693042795993200A03F8A /* Matrix.hpp */ = {isa = PBXFileReference; lastKnownFileType = sourcecode.cpp.h; name = Matrix.hpp; path = matrix/Matrix.hpp; sourceTree = "<group>"; };
		788693052795993200A03F8A /* filter.hpp */ = {isa = PBXFileReference; lastKnownFileType = sourcecode.cpp.h; name = filter.hpp; path = matrix/filter.hpp; sourceTree = "<group>"; };
		788693062795993200A03F8A /* math.hpp */ = {isa = PBXFileReference; lastKnownFileType = sourcecode.cpp.h; name = math.hpp; path = matrix/math.hpp; sourceTree = "<group>"; };
		788693072795993200A03F8A /* SparseVector.hpp */ = {isa = PBXFileReference; lastKnownFileType = sourcecode.cpp.h; name = SparseVector.hpp; path = matrix/SparseVector.hpp; sourceTree = "<group>"; };
		788693082795993200A03F8A /* helper_functions.hpp */ = {isa = PBXFileReference; lastKnownFileType = sourcecode.cpp.h; name = helper_functions.hpp; path = matrix/helper_functions.hpp; sourceTree = "<group>"; };
		788693092795993200A03F8A /* AxisAngle.hpp */ = {isa = PBXFileReference; lastKnownFileType = sourcecode.cpp.h; name = AxisAngle.hpp; path = matrix/AxisAngle.hpp; sourceTree = "<group>"; };
		7886930A2795993200A03F8A /* Slice.hpp */ = {isa = PBXFileReference; lastKnownFileType = sourcecode.cpp.h; name = Slice.hpp; path = matrix/Slice.hpp; sourceTree = "<group>"; };
		7886930B2795993200A03F8A /* Vector.hpp */ = {isa = PBXFileReference; lastKnownFileType = sourcecode.cpp.h; name = Vector.hpp; path = matrix/Vector.hpp; sourceTree = "<group>"; };
		7886930C2795993200A03F8A /* stdlib_imports.hpp */ = {isa = PBXFileReference; lastKnownFileType = sourcecode.cpp.h; name = stdlib_imports.hpp; path = matrix/stdlib_imports.hpp; sourceTree = "<group>"; };
/* End PBXFileReference section */

/* Begin PBXFrameworksBuildPhase section */
		42C858CF1F3515700086FE97 /* Frameworks */ = {
			isa = PBXFrameworksBuildPhase;
			buildActionMask = 2147483647;
			files = (
			);
			runOnlyForDeploymentPostprocessing = 0;
		};
/* End PBXFrameworksBuildPhase section */

/* Begin PBXGroup section */
		08FB7794FE84155DC02AAC07 /* libexif */ = {
			isa = PBXGroup;
			children = (
				788693092795993200A03F8A /* AxisAngle.hpp */,
				788692FC2795993200A03F8A /* Dcm.hpp */,
				788692FA2795993200A03F8A /* Dual.hpp */,
				788692FF2795993200A03F8A /* Euler.hpp */,
				788693052795993200A03F8A /* filter.hpp */,
				788693082795993200A03F8A /* helper_functions.hpp */,
				788692FB2795993200A03F8A /* integration.hpp */,
				788692FD2795993200A03F8A /* LeastSquaresSolver.hpp */,
				788693062795993200A03F8A /* math.hpp */,
				788693042795993200A03F8A /* Matrix.hpp */,
				788692FE2795993200A03F8A /* PseudoInverse.hpp */,
				788693032795993200A03F8A /* Quaternion.hpp */,
				788693012795993200A03F8A /* Scalar.hpp */,
				7886930A2795993200A03F8A /* Slice.hpp */,
				788693072795993200A03F8A /* SparseVector.hpp */,
				788692F92795993200A03F8A /* SquareMatrix.hpp */,
				7886930C2795993200A03F8A /* stdlib_imports.hpp */,
				7886930B2795993200A03F8A /* Vector.hpp */,
				788693002795993200A03F8A /* Vector2.hpp */,
				788693022795993200A03F8A /* Vector3.hpp */,
				788692F62795971500A03F8A /* matrix */,
				788692CB279595F600A03F8A /* CMakeLists.txt */,
				788692C9279595F600A03F8A /* doc */,
				788692C6279595F600A03F8A /* LICENSE */,
				788692C8279595F600A03F8A /* README.md */,
				788692CC279595F600A03F8A /* scripts */,
				788692C7279595F600A03F8A /* test */,
				1AB674ADFE9D54B511CA2CBB /* Products */,
			);
			name = libexif;
			sourceTree = "<group>";
		};
		1AB674ADFE9D54B511CA2CBB /* Products */ = {
			isa = PBXGroup;
			children = (
				42C858D21F3515700086FE97 /* libpx4-matrix.a */,
			);
			name = Products;
			sourceTree = "<group>";
		};
/* End PBXGroup section */

/* Begin PBXHeadersBuildPhase section */
		423BAA711F35221800C5F228 /* Headers */ = {
			isa = PBXHeadersBuildPhase;
			buildActionMask = 2147483647;
			files = (
				7886933A27997F4900A03F8A /* matrix in Headers */,
			);
			runOnlyForDeploymentPostprocessing = 0;
		};
/* End PBXHeadersBuildPhase section */

/* Begin PBXNativeTarget section */
		42C858D11F3515700086FE97 /* px4-matrix */ = {
			isa = PBXNativeTarget;
			buildConfigurationList = 42C858D81F3515700086FE97 /* Build configuration list for PBXNativeTarget "px4-matrix" */;
			buildPhases = (
				42C858CE1F3515700086FE97 /* Sources */,
				42C858CF1F3515700086FE97 /* Frameworks */,
				42C858D01F3515700086FE97 /* CopyFiles */,
				423BAA711F35221800C5F228 /* Headers */,
				D8DAD6D12784C985002C6446 /* ShellScript */,
			);
			buildRules = (
			);
			dependencies = (
			);
			name = "px4-matrix";
			productName = LibExif;
			productReference = 42C858D21F3515700086FE97 /* libpx4-matrix.a */;
			productType = "com.apple.product-type.library.static";
		};
/* End PBXNativeTarget section */

/* Begin PBXProject section */
		08FB7793FE84155DC02AAC07 /* Project object */ = {
			isa = PBXProject;
			attributes = {
				LastUpgradeCheck = 1310;
				TargetAttributes = {
					42C858D11F3515700086FE97 = {
						CreatedOnToolsVersion = 8.3.3;
						DevelopmentTeam = CM48MW8QTW;
						ProvisioningStyle = Automatic;
					};
				};
			};
			buildConfigurationList = 1DEB91EF08733DB70010E9CD /* Build configuration list for PBXProject "px4-matrix" */;
			compatibilityVersion = "Xcode 3.2";
			developmentRegion = English;
			hasScannedForEncodings = 1;
			knownRegions = (
				English,
				Japanese,
				French,
				German,
			);
			mainGroup = 08FB7794FE84155DC02AAC07 /* libexif */;
			projectDirPath = "";
			projectRoot = "";
			targets = (
				42C858D11F3515700086FE97 /* px4-matrix */,
			);
		};
/* End PBXProject section */

/* Begin PBXShellScriptBuildPhase section */
		D8DAD6D12784C985002C6446 /* ShellScript */ = {
			isa = PBXShellScriptBuildPhase;
			buildActionMask = 2147483647;
			files = (
			);
			inputFileListPaths = (
			);
			inputPaths = (
			);
			outputFileListPaths = (
			);
			outputPaths = (
			);
			runOnlyForDeploymentPostprocessing = 0;
			shellPath = /bin/sh;
			shellScript = "cd \"${SRCROOT}\"\n\necho 'Copying headers into Framework..'\nfor H in `find . -name \"*.h\"`;  do\n    echo \"copying ${H} to ${BUILT_PRODUCTS_DIR}/${PUBLIC_HEADERS_FOLDER_PATH}/${H}\"\n    ditto \"${H}\" \"${BUILT_PRODUCTS_DIR}/${PUBLIC_HEADERS_FOLDER_PATH}/${H}\"\ndone\n";
		};
/* End PBXShellScriptBuildPhase section */

/* Begin PBXSourcesBuildPhase section */
		42C858CE1F3515700086FE97 /* Sources */ = {
			isa = PBXSourcesBuildPhase;
			buildActionMask = 2147483647;
			files = (
			);
			runOnlyForDeploymentPostprocessing = 0;
		};
/* End PBXSourcesBuildPhase section */

/* Begin XCBuildConfiguration section */
		1DEB91F008733DB70010E9CD /* Debug */ = {
			isa = XCBuildConfiguration;
			buildSettings = {
				CLANG_ANALYZER_LOCALIZABILITY_NONLOCALIZED = YES;
				CLANG_WARN_BLOCK_CAPTURE_AUTORELEASING = YES;
				CLANG_WARN_BOOL_CONVERSION = YES;
				CLANG_WARN_COMMA = YES;
				CLANG_WARN_CONSTANT_CONVERSION = YES;
				CLANG_WARN_DEPRECATED_OBJC_IMPLEMENTATIONS = YES;
				CLANG_WARN_EMPTY_BODY = YES;
				CLANG_WARN_ENUM_CONVERSION = YES;
				CLANG_WARN_INFINITE_RECURSION = YES;
				CLANG_WARN_INT_CONVERSION = YES;
				CLANG_WARN_NON_LITERAL_NULL_CONVERSION = YES;
				CLANG_WARN_OBJC_IMPLICIT_RETAIN_SELF = YES;
				CLANG_WARN_OBJC_LITERAL_CONVERSION = YES;
				CLANG_WARN_QUOTED_INCLUDE_IN_FRAMEWORK_HEADER = YES;
				CLANG_WARN_RANGE_LOOP_ANALYSIS = YES;
				CLANG_WARN_STRICT_PROTOTYPES = YES;
				CLANG_WARN_SUSPICIOUS_MOVE = YES;
				CLANG_WARN_UNREACHABLE_CODE = YES;
				CLANG_WARN__DUPLICATE_METHOD_MATCH = YES;
				ENABLE_STRICT_OBJC_MSGSEND = YES;
				ENABLE_TESTABILITY = YES;
				GCC_C_LANGUAGE_STANDARD = c99;
				GCC_NO_COMMON_BLOCKS = YES;
				GCC_OPTIMIZATION_LEVEL = 0;
				GCC_WARN_64_TO_32_BIT_CONVERSION = YES;
				GCC_WARN_ABOUT_RETURN_TYPE = YES;
				GCC_WARN_UNDECLARED_SELECTOR = YES;
				GCC_WARN_UNINITIALIZED_AUTOS = YES;
				GCC_WARN_UNUSED_FUNCTION = YES;
				GCC_WARN_UNUSED_VARIABLE = YES;
				HEADER_SEARCH_PATHS = "$(SRCROOT)";
				ONLY_ACTIVE_ARCH = YES;
				SDKROOT = iphoneos;
			};
			name = Debug;
		};
		1DEB91F108733DB70010E9CD /* Release */ = {
			isa = XCBuildConfiguration;
			buildSettings = {
				CLANG_ANALYZER_LOCALIZABILITY_NONLOCALIZED = YES;
				CLANG_WARN_BLOCK_CAPTURE_AUTORELEASING = YES;
				CLANG_WARN_BOOL_CONVERSION = YES;
				CLANG_WARN_COMMA = YES;
				CLANG_WARN_CONSTANT_CONVERSION = YES;
				CLANG_WARN_DEPRECATED_OBJC_IMPLEMENTATIONS = YES;
				CLANG_WARN_EMPTY_BODY = YES;
				CLANG_WARN_ENUM_CONVERSION = YES;
				CLANG_WARN_INFINITE_RECURSION = YES;
				CLANG_WARN_INT_CONVERSION = YES;
				CLANG_WARN_NON_LITERAL_NULL_CONVERSION = YES;
				CLANG_WARN_OBJC_IMPLICIT_RETAIN_SELF = YES;
				CLANG_WARN_OBJC_LITERAL_CONVERSION = YES;
				CLANG_WARN_QUOTED_INCLUDE_IN_FRAMEWORK_HEADER = YES;
				CLANG_WARN_RANGE_LOOP_ANALYSIS = YES;
				CLANG_WARN_STRICT_PROTOTYPES = YES;
				CLANG_WARN_SUSPICIOUS_MOVE = YES;
				CLANG_WARN_UNREACHABLE_CODE = YES;
				CLANG_WARN__DUPLICATE_METHOD_MATCH = YES;
				ENABLE_STRICT_OBJC_MSGSEND = YES;
				GCC_C_LANGUAGE_STANDARD = c99;
				GCC_NO_COMMON_BLOCKS = YES;
				GCC_WARN_64_TO_32_BIT_CONVERSION = YES;
				GCC_WARN_ABOUT_RETURN_TYPE = YES;
				GCC_WARN_UNDECLARED_SELECTOR = YES;
				GCC_WARN_UNINITIALIZED_AUTOS = YES;
				GCC_WARN_UNUSED_FUNCTION = YES;
				GCC_WARN_UNUSED_VARIABLE = YES;
				HEADER_SEARCH_PATHS = "$(SRCROOT)";
				SDKROOT = iphoneos;
			};
			name = Release;
		};
		42C858D91F3515700086FE97 /* Debug */ = {
			isa = XCBuildConfiguration;
			buildSettings = {
				ALWAYS_SEARCH_USER_PATHS = NO;
				CLANG_ANALYZER_NONNULL = YES;
				CLANG_ANALYZER_NUMBER_OBJECT_CONVERSION = YES_AGGRESSIVE;
				CLANG_CXX_LANGUAGE_STANDARD = "gnu++0x";
				CLANG_CXX_LIBRARY = "libc++";
				CLANG_ENABLE_MODULES = YES;
				CLANG_ENABLE_OBJC_ARC = YES;
				CLANG_WARN_BOOL_CONVERSION = YES;
				CLANG_WARN_CONSTANT_CONVERSION = YES;
				CLANG_WARN_DIRECT_OBJC_ISA_USAGE = YES_ERROR;
				CLANG_WARN_DOCUMENTATION_COMMENTS = YES;
				CLANG_WARN_EMPTY_BODY = YES;
				CLANG_WARN_ENUM_CONVERSION = YES;
				CLANG_WARN_INFINITE_RECURSION = YES;
				CLANG_WARN_INT_CONVERSION = YES;
				CLANG_WARN_OBJC_ROOT_CLASS = YES_ERROR;
				CLANG_WARN_SUSPICIOUS_MOVE = YES;
				CLANG_WARN_UNREACHABLE_CODE = YES;
				CLANG_WARN__DUPLICATE_METHOD_MATCH = YES;
				"CODE_SIGN_IDENTITY[sdk=iphoneos*]" = "iPhone Developer";
				COPY_PHASE_STRIP = NO;
				DEBUG_INFORMATION_FORMAT = dwarf;
				DEVELOPMENT_TEAM = CM48MW8QTW;
				ENABLE_STRICT_OBJC_MSGSEND = YES;
				ENABLE_TESTABILITY = YES;
				GCC_C_LANGUAGE_STANDARD = gnu99;
				GCC_DYNAMIC_NO_PIC = NO;
				GCC_NO_COMMON_BLOCKS = YES;
				GCC_PREPROCESSOR_DEFINITIONS = (
					"DEBUG=1",
					"$(inherited)",
				);
				GCC_WARN_64_TO_32_BIT_CONVERSION = YES;
				GCC_WARN_ABOUT_RETURN_TYPE = YES_ERROR;
				GCC_WARN_UNDECLARED_SELECTOR = YES;
				GCC_WARN_UNINITIALIZED_AUTOS = YES_AGGRESSIVE;
				GCC_WARN_UNUSED_FUNCTION = YES;
				IPHONEOS_DEPLOYMENT_TARGET = 12.0;
				MTL_ENABLE_DEBUG_INFO = YES;
				OTHER_LDFLAGS = "-ObjC";
				PRIVATE_HEADERS_FOLDER_PATH = include;
				PRODUCT_NAME = "$(TARGET_NAME)";
				PUBLIC_HEADERS_FOLDER_PATH = include;
				SDKROOT = iphoneos;
				SKIP_INSTALL = YES;
			};
			name = Debug;
		};
		42C858DA1F3515700086FE97 /* Release */ = {
			isa = XCBuildConfiguration;
			buildSettings = {
				ALWAYS_SEARCH_USER_PATHS = NO;
				CLANG_ANALYZER_NONNULL = YES;
				CLANG_ANALYZER_NUMBER_OBJECT_CONVERSION = YES_AGGRESSIVE;
				CLANG_CXX_LANGUAGE_STANDARD = "gnu++0x";
				CLANG_CXX_LIBRARY = "libc++";
				CLANG_ENABLE_MODULES = YES;
				CLANG_ENABLE_OBJC_ARC = YES;
				CLANG_WARN_BOOL_CONVERSION = YES;
				CLANG_WARN_CONSTANT_CONVERSION = YES;
				CLANG_WARN_DIRECT_OBJC_ISA_USAGE = YES_ERROR;
				CLANG_WARN_DOCUMENTATION_COMMENTS = YES;
				CLANG_WARN_EMPTY_BODY = YES;
				CLANG_WARN_ENUM_CONVERSION = YES;
				CLANG_WARN_INFINITE_RECURSION = YES;
				CLANG_WARN_INT_CONVERSION = YES;
				CLANG_WARN_OBJC_ROOT_CLASS = YES_ERROR;
				CLANG_WARN_SUSPICIOUS_MOVE = YES;
				CLANG_WARN_UNREACHABLE_CODE = YES;
				CLANG_WARN__DUPLICATE_METHOD_MATCH = YES;
				"CODE_SIGN_IDENTITY[sdk=iphoneos*]" = "iPhone Developer";
				COPY_PHASE_STRIP = NO;
				DEBUG_INFORMATION_FORMAT = "dwarf-with-dsym";
				DEVELOPMENT_TEAM = CM48MW8QTW;
				ENABLE_NS_ASSERTIONS = NO;
				ENABLE_STRICT_OBJC_MSGSEND = YES;
				GCC_C_LANGUAGE_STANDARD = gnu99;
				GCC_NO_COMMON_BLOCKS = YES;
				GCC_WARN_64_TO_32_BIT_CONVERSION = YES;
				GCC_WARN_ABOUT_RETURN_TYPE = YES_ERROR;
				GCC_WARN_UNDECLARED_SELECTOR = YES;
				GCC_WARN_UNINITIALIZED_AUTOS = YES_AGGRESSIVE;
				GCC_WARN_UNUSED_FUNCTION = YES;
				IPHONEOS_DEPLOYMENT_TARGET = 12.0;
				MTL_ENABLE_DEBUG_INFO = NO;
				OTHER_LDFLAGS = "-ObjC";
				PRIVATE_HEADERS_FOLDER_PATH = include;
				PRODUCT_NAME = "$(TARGET_NAME)";
				PUBLIC_HEADERS_FOLDER_PATH = include;
				SDKROOT = iphoneos;
				SKIP_INSTALL = YES;
				VALIDATE_PRODUCT = YES;
			};
			name = Release;
		};
/* End XCBuildConfiguration section */

/* Begin XCConfigurationList section */
		1DEB91EF08733DB70010E9CD /* Build configuration list for PBXProject "px4-matrix" */ = {
			isa = XCConfigurationList;
			buildConfigurations = (
				1DEB91F008733DB70010E9CD /* Debug */,
				1DEB91F108733DB70010E9CD /* Release */,
			);
			defaultConfigurationIsVisible = 0;
			defaultConfigurationName = Release;
		};
		42C858D81F3515700086FE97 /* Build configuration list for PBXNativeTarget "px4-matrix" */ = {
			isa = XCConfigurationList;
			buildConfigurations = (
				42C858D91F3515700086FE97 /* Debug */,
				42C858DA1F3515700086FE97 /* Release */,
			);
			defaultConfigurationIsVisible = 0;
			defaultConfigurationName = Release;
		};
/* End XCConfigurationList section */
	};
	rootObject = 08FB7793FE84155DC02AAC07 /* Project object */;
}
